PODS:
  - Flutter (1.0.0)
  - flutter_ffi (0.0.1):
    - Flutter

DEPENDENCIES:
  - Flutter (from `Flutter`)
  - flutter_ffi (from `.symlinks/plugins/flutter_ffi/ios`)

EXTERNAL SOURCES:
  Flutter:
    :path: Flutter
  flutter_ffi:
    :path: ".symlinks/plugins/flutter_ffi/ios"

SPEC CHECKSUMS:
  Flutter: f04841e97a9d0b0a8025694d0796dd46242b2854
  flutter_ffi: 9e2d52a6c00a7e5798a71207f76229eed15e8a66

PODFILE CHECKSUM: 663715e941f9adb426e33bf9376914006f9ea95b

COCOAPODS: 1.11.3
